
Microsoft Visual Studio Solution File, Format Version 12.00
# Visual Studio 15
VisualStudioVersion = 15.0.27130.2024
MinimumVisualStudioVersion = 10.0.40219.1
Project("{FAE04EC0-301F-11D3-BF4B-00C04F79EFBC}") = "RadioPlayer", "RadioPlayer\RadioPlayer.csproj", "{35A0AE68-5C14-4786-B81B-A1524E73F140}"
EndProject
Project("{FAE04EC0-301F-11D3-BF4B-00C04F79EFBC}") = "RadioPlayer.Droid", "RadioPlayer.Droid\RadioPlayer.Droid.csproj", "{BAA5D916-AF93-49C8-9A56-EAAB42176ECE}"
EndProject
Project("{FAE04EC0-301F-11D3-BF4B-00C04F79EFBC}") = "RadioPlayer.DataAccess", "RadioPlayer.DataAccess\RadioPlayer.DataAccess.csproj", "{74D6DE3A-4D33-46D2-A333-A08F94AA6DB5}"
EndProject
Global
	GlobalSection(SolutionConfigurationPlatforms) = preSolution
		Debug|Any CPU = Debug|Any CPU
		Debug|iPhone = Debug|iPhone
		Debug|iPhoneSimulator = Debug|iPhoneSimulator
		Release|Any CPU = Release|Any CPU
		Release|iPhone = Release|iPhone
		Release|iPhoneSimulator = Release|iPhoneSimulator
	EndGlobalSection
	GlobalSection(ProjectConfigurationPlatforms) = postSolution
		{35A0AE68-5C14-4786-B81B-A1524E73F140}.Debug|Any CPU.ActiveCfg = Debug|Any CPU
		{35A0AE68-5C14-4786-B81B-A1524E73F140}.Debug|Any CPU.Build.0 = Debug|Any CPU
		{35A0AE68-5C14-4786-B81B-A1524E73F140}.Debug|iPhone.ActiveCfg = Debug|Any CPU
		{35A0AE68-5C14-4786-B81B-A1524E73F140}.Debug|iPhone.Build.0 = Debug|Any CPU
		{35A0AE68-5C14-4786-B81B-A1524E73F140}.Debug|iPhoneSimulator.ActiveCfg = Debug|Any CPU
		{35A0AE68-5C14-4786-B81B-A1524E73F140}.Debug|iPhoneSimulator.Build.0 = Debug|Any CPU
		{35A0AE68-5C14-4786-B81B-A1524E73F140}.Release|Any CPU.ActiveCfg = Release|Any CPU
		{35A0AE68-5C14-4786-B81B-A1524E73F140}.Release|Any CPU.Build.0 = Release|Any CPU
		{35A0AE68-5C14-4786-B81B-A1524E73F140}.Release|iPhone.ActiveCfg = Release|Any CPU
		{35A0AE68-5C14-4786-B81B-A1524E73F140}.Release|iPhone.Build.0 = Release|Any CPU
		{35A0AE68-5C14-4786-B81B-A1524E73F140}.Release|iPhoneSimulator.ActiveCfg = Release|Any CPU
		{35A0AE68-5C14-4786-B81B-A1524E73F140}.Release|iPhoneSimulator.Build.0 = Release|Any CPU
		{BAA5D916-AF93-49C8-9A56-EAAB42176ECE}.Debug|Any CPU.ActiveCfg = Debug|Any CPU
		{BAA5D916-AF93-49C8-9A56-EAAB42176ECE}.Debug|Any CPU.Build.0 = Debug|Any CPU
		{BAA5D916-AF93-49C8-9A56-EAAB42176ECE}.Debug|Any CPU.Deploy.0 = Debug|Any CPU
		{BAA5D916-AF93-49C8-9A56-EAAB42176ECE}.Debug|iPhone.ActiveCfg = Debug|Any CPU
		{BAA5D916-AF93-49C8-9A56-EAAB42176ECE}.Debug|iPhone.Build.0 = Debug|Any CPU
		{BAA5D916-AF93-49C8-9A56-EAAB42176ECE}.Debug|iPhoneSimulator.ActiveCfg = Debug|Any CPU
		{BAA5D916-AF93-49C8-9A56-EAAB42176ECE}.Debug|iPhoneSimulator.Build.0 = Debug|Any CPU
		{BAA5D916-AF93-49C8-9A56-EAAB42176ECE}.Release|Any CPU.ActiveCfg = Release|Any CPU
		{BAA5D916-AF93-49C8-9A56-EAAB42176ECE}.Release|Any CPU.Build.0 = Release|Any CPU
		{BAA5D916-AF93-49C8-9A56-EAAB42176ECE}.Release|iPhone.ActiveCfg = Release|Any CPU
		{BAA5D916-AF93-49C8-9A56-EAAB42176ECE}.Release|iPhone.Build.0 = Release|Any CPU
		{BAA5D916-AF93-49C8-9A56-EAAB42176ECE}.Release|iPhoneSimulator.ActiveCfg = Release|Any CPU
		{BAA5D916-AF93-49C8-9A56-EAAB42176ECE}.Release|iPhoneSimulator.Build.0 = Release|Any CPU
		{74D6DE3A-4D33-46D2-A333-A08F94AA6DB5}.Debug|Any CPU.ActiveCfg = Debug|Any CPU
		{74D6DE3A-4D33-46D2-A333-A08F94AA6DB5}.Debug|Any CPU.Build.0 = Debug|Any CPU
		{74D6DE3A-4D33-46D2-A333-A08F94AA6DB5}.Debug|iPhone.ActiveCfg = Debug|Any CPU
		{74D6DE3A-4D33-46D2-A333-A08F94AA6DB5}.Debug|iPhone.Build.0 = Debug|Any CPU
		{74D6DE3A-4D33-46D2-A333-A08F94AA6DB5}.Debug|iPhoneSimulator.ActiveCfg = Debug|Any CPU
		{74D6DE3A-4D33-46D2-A333-A08F94AA6DB5}.Debug|iPhoneSimulator.Build.0 = Debug|Any CPU
		{74D6DE3A-4D33-46D2-A333-A08F94AA6DB5}.Release|Any CPU.ActiveCfg = Release|Any CPU
		{74D6DE3A-4D33-46D2-A333-A08F94AA6DB5}.Release|Any CPU.Build.0 = Release|Any CPU
		{74D6DE3A-4D33-46D2-A333-A08F94AA6DB5}.Release|iPhone.ActiveCfg = Release|Any CPU
		{74D6DE3A-4D33-46D2-A333-A08F94AA6DB5}.Release|iPhone.Build.0 = Release|Any CPU
		{74D6DE3A-4D33-46D2-A333-A08F94AA6DB5}.Release|iPhoneSimulator.ActiveCfg = Release|Any CPU
		{74D6DE3A-4D33-46D2-A333-A08F94AA6DB5}.Release|iPhoneSimulator.Build.0 = Release|Any CPU
	EndGlobalSection
	GlobalSection(SolutionProperties) = preSolution
		HideSolutionNode = FALSE
	EndGlobalSection
	GlobalSection(ExtensibilityGlobals) = postSolution
		SolutionGuid = {35AB94DC-85DA-42B3-8B30-63062713AA19}
	EndGlobalSection
EndGlobal
